// !$*UTF8*$!
{
	archiveVersion = 1;
	classes = {
	};
	objectVersion = 56;
	objects = {

/* Begin PBXBuildFile section */
		6708A3F82C287183004F7468 /* ContentViewComponents.swift in Sources */ = {isa = PBXBuildFile; fileRef = 6708A3F72C28717A004F7468 /* ContentViewComponents.swift */; };
		671D18CA2C197AEF001C9BC0 /* HabitBarChartView.swift in Sources */ = {isa = PBXBuildFile; fileRef = 671D18C92C197AEF001C9BC0 /* HabitBarChartView.swift */; };
		673CDFF32C21CFEA009C8317 /* HabitCompletionCaption.swift in Sources */ = {isa = PBXBuildFile; fileRef = 673CDFF22C21CFE3009C8317 /* HabitCompletionCaption.swift */; };
		67519C6A2C22974A00AA01E9 /* ContentViewFunctions.swift in Sources */ = {isa = PBXBuildFile; fileRef = 67519C692C22973A00AA01E9 /* ContentViewFunctions.swift */; };
		67519C6C2C22ADE800AA01E9 /* HideDetailViewButtonTip.swift in Sources */ = {isa = PBXBuildFile; fileRef = 67519C6B2C22ADDD00AA01E9 /* HideDetailViewButtonTip.swift */; };
		675BD99F2C2A4F9F00F4AD18 /* HabitLogButton.swift in Sources */ = {isa = PBXBuildFile; fileRef = 675BD99E2C2A4F9C00F4AD18 /* HabitLogButton.swift */; };
		6766816E2C2136B2009BEF43 /* YearBlockChartView.swift in Sources */ = {isa = PBXBuildFile; fileRef = 6766816D2C2136AC009BEF43 /* YearBlockChartView.swift */; };
		676A86552C083AE8005D742B /* DotView.swift in Sources */ = {isa = PBXBuildFile; fileRef = 676A86542C083AE8005D742B /* DotView.swift */; };
		676A865B2C083BD1005D742B /* WeekDayIndicatorView.swift in Sources */ = {isa = PBXBuildFile; fileRef = 676A865A2C083BD1005D742B /* WeekDayIndicatorView.swift */; };
		676A86652C0B114A005D742B /* HabitDetailView.swift in Sources */ = {isa = PBXBuildFile; fileRef = 676A86642C0B114A005D742B /* HabitDetailView.swift */; };
		676A86672C0B2813005D742B /* TabSwitchView.swift in Sources */ = {isa = PBXBuildFile; fileRef = 676A86662C0B2813005D742B /* TabSwitchView.swift */; };
		6782896A2C2CE4BF0031028D /* SymbolPicker.swift in Sources */ = {isa = PBXBuildFile; fileRef = 678289692C2CE4AA0031028D /* SymbolPicker.swift */; };
		6782896D2C2CEE360031028D /* ColorPicker.swift in Sources */ = {isa = PBXBuildFile; fileRef = 6782896C2C2CEE300031028D /* ColorPicker.swift */; };
		6788D24E2C23C50C001E3CDD /* ThemeThumbnail.swift in Sources */ = {isa = PBXBuildFile; fileRef = 6788D24D2C23C505001E3CDD /* ThemeThumbnail.swift */; };
		678A40012BFB42CE00EC1318 /* Sheep_HabitApp.swift in Sources */ = {isa = PBXBuildFile; fileRef = 678A40002BFB42CE00EC1318 /* Sheep_HabitApp.swift */; };
		678A40032BFB42CE00EC1318 /* ContentView.swift in Sources */ = {isa = PBXBuildFile; fileRef = 678A40022BFB42CE00EC1318 /* ContentView.swift */; };
		678A40072BFB42CF00EC1318 /* Assets.xcassets in Resources */ = {isa = PBXBuildFile; fileRef = 678A40062BFB42CF00EC1318 /* Assets.xcassets */; };
		678A400A2BFB42CF00EC1318 /* Preview Assets.xcassets in Resources */ = {isa = PBXBuildFile; fileRef = 678A40092BFB42CF00EC1318 /* Preview Assets.xcassets */; };
		678A40142BFB42CF00EC1318 /* Sheep_HabitTests.swift in Sources */ = {isa = PBXBuildFile; fileRef = 678A40132BFB42CF00EC1318 /* Sheep_HabitTests.swift */; };
		678A401E2BFB42CF00EC1318 /* Sheep_HabitUITests.swift in Sources */ = {isa = PBXBuildFile; fileRef = 678A401D2BFB42CF00EC1318 /* Sheep_HabitUITests.swift */; };
		678A40202BFB42CF00EC1318 /* Sheep_HabitUITestsLaunchTests.swift in Sources */ = {isa = PBXBuildFile; fileRef = 678A401F2BFB42CF00EC1318 /* Sheep_HabitUITestsLaunchTests.swift */; };
		678A402D2BFB42EB00EC1318 /* HabitModel.swift in Sources */ = {isa = PBXBuildFile; fileRef = 678A402C2BFB42EB00EC1318 /* HabitModel.swift */; };
		678A40312BFB932C00EC1318 /* ColorExtension.swift in Sources */ = {isa = PBXBuildFile; fileRef = 678A40302BFB932C00EC1318 /* ColorExtension.swift */; };
		678A40352BFB97F100EC1318 /* HabitLandscapeDotsGraph.swift in Sources */ = {isa = PBXBuildFile; fileRef = 678A40342BFB97F100EC1318 /* HabitLandscapeDotsGraph.swift */; };
		678A40372BFB980400EC1318 /* HabitView.swift in Sources */ = {isa = PBXBuildFile; fileRef = 678A40362BFB980400EC1318 /* HabitView.swift */; };
		678A403B2BFC81D700EC1318 /* TestView.swift in Sources */ = {isa = PBXBuildFile; fileRef = 678A403A2BFC81D700EC1318 /* TestView.swift */; };
		67A343FB2C22D199006D46E9 /* ColorManager.swift in Sources */ = {isa = PBXBuildFile; fileRef = 67A343FA2C22D190006D46E9 /* ColorManager.swift */; };
		67A343FD2C22DB0F006D46E9 /* ThemeSelectView.swift in Sources */ = {isa = PBXBuildFile; fileRef = 67A343FC2C22DB01006D46E9 /* ThemeSelectView.swift */; };
		67B09A432C07096D00F86E23 /* AddNewHabitView.swift in Sources */ = {isa = PBXBuildFile; fileRef = 67B09A422C07096D00F86E23 /* AddNewHabitView.swift */; };
		67B09A472C070F6100F86E23 /* CustomedStyles.swift in Sources */ = {isa = PBXBuildFile; fileRef = 67B09A462C070F6100F86E23 /* CustomedStyles.swift */; };
		67B8C4152C1C548D00D82117 /* AppIconView.swift in Sources */ = {isa = PBXBuildFile; fileRef = 67B8C4142C1C548800D82117 /* AppIconView.swift */; };
		67B8C4192C1D95E900D82117 /* LineChartView.swift in Sources */ = {isa = PBXBuildFile; fileRef = 67B8C4182C1D95E400D82117 /* LineChartView.swift */; };
		67D135B82BFED88600A82DAD /* CustomedShapes.swift in Sources */ = {isa = PBXBuildFile; fileRef = 67D135B72BFED88600A82DAD /* CustomedShapes.swift */; };
		67D135BC2BFF27D900A82DAD /* CustomedPickerView.swift in Sources */ = {isa = PBXBuildFile; fileRef = 67D135BB2BFF27D900A82DAD /* CustomedPickerView.swift */; };
		67D135BE2BFF281900A82DAD /* CustomedPickerModel.swift in Sources */ = {isa = PBXBuildFile; fileRef = 67D135BD2BFF281900A82DAD /* CustomedPickerModel.swift */; };
		67D1AE112C0B52C700DA59AE /* ContributionChart in Frameworks */ = {isa = PBXBuildFile; productRef = 67D1AE102C0B52C700DA59AE /* ContributionChart */; settings = {ATTRIBUTES = (Required, ); }; };
		67D1AE132C0E03C900DA59AE /* HabitLineDotsGraph.swift in Sources */ = {isa = PBXBuildFile; fileRef = 67D1AE122C0E03C900DA59AE /* HabitLineDotsGraph.swift */; };
		67D886282C1FF6DA00667A55 /* HabitLogView.swift in Sources */ = {isa = PBXBuildFile; fileRef = 67D886272C1FF6CD00667A55 /* HabitLogView.swift */; };
		67D8862C2C21285700667A55 /* ReviewBlockView.swift in Sources */ = {isa = PBXBuildFile; fileRef = 67D8862B2C21285000667A55 /* ReviewBlockView.swift */; };
		67E74BC12C06F821003D1C37 /* HabitCompleteButtonView.swift in Sources */ = {isa = PBXBuildFile; fileRef = 67E74BC02C06F821003D1C37 /* HabitCompleteButtonView.swift */; };
/* End PBXBuildFile section */

/* Begin PBXContainerItemProxy section */
		678A40102BFB42CF00EC1318 /* PBXContainerItemProxy */ = {
			isa = PBXContainerItemProxy;
			containerPortal = 678A3FF52BFB42CE00EC1318 /* Project object */;
			proxyType = 1;
			remoteGlobalIDString = 678A3FFC2BFB42CE00EC1318;
			remoteInfo = "Sheep Habit";
		};
		678A401A2BFB42CF00EC1318 /* PBXContainerItemProxy */ = {
			isa = PBXContainerItemProxy;
			containerPortal = 678A3FF52BFB42CE00EC1318 /* Project object */;
			proxyType = 1;
			remoteGlobalIDString = 678A3FFC2BFB42CE00EC1318;
			remoteInfo = "Sheep Habit";
		};
/* End PBXContainerItemProxy section */

/* Begin PBXFileReference section */
		6708A3F72C28717A004F7468 /* ContentViewComponents.swift */ = {isa = PBXFileReference; lastKnownFileType = sourcecode.swift; path = ContentViewComponents.swift; sourceTree = "<group>"; };
		671D18C92C197AEF001C9BC0 /* HabitBarChartView.swift */ = {isa = PBXFileReference; lastKnownFileType = sourcecode.swift; path = HabitBarChartView.swift; sourceTree = "<group>"; };
		673CDFF22C21CFE3009C8317 /* HabitCompletionCaption.swift */ = {isa = PBXFileReference; lastKnownFileType = sourcecode.swift; path = HabitCompletionCaption.swift; sourceTree = "<group>"; };
		67519C692C22973A00AA01E9 /* ContentViewFunctions.swift */ = {isa = PBXFileReference; lastKnownFileType = sourcecode.swift; path = ContentViewFunctions.swift; sourceTree = "<group>"; };
		67519C6B2C22ADDD00AA01E9 /* HideDetailViewButtonTip.swift */ = {isa = PBXFileReference; lastKnownFileType = sourcecode.swift; path = HideDetailViewButtonTip.swift; sourceTree = "<group>"; };
		675BD99E2C2A4F9C00F4AD18 /* HabitLogButton.swift */ = {isa = PBXFileReference; lastKnownFileType = sourcecode.swift; path = HabitLogButton.swift; sourceTree = "<group>"; };
		6766816D2C2136AC009BEF43 /* YearBlockChartView.swift */ = {isa = PBXFileReference; lastKnownFileType = sourcecode.swift; path = YearBlockChartView.swift; sourceTree = "<group>"; };
		676A86542C083AE8005D742B /* DotView.swift */ = {isa = PBXFileReference; lastKnownFileType = sourcecode.swift; path = DotView.swift; sourceTree = "<group>"; };
		676A865A2C083BD1005D742B /* WeekDayIndicatorView.swift */ = {isa = PBXFileReference; lastKnownFileType = sourcecode.swift; path = WeekDayIndicatorView.swift; sourceTree = "<group>"; };
		676A86642C0B114A005D742B /* HabitDetailView.swift */ = {isa = PBXFileReference; lastKnownFileType = sourcecode.swift; path = HabitDetailView.swift; sourceTree = "<group>"; };
		676A86662C0B2813005D742B /* TabSwitchView.swift */ = {isa = PBXFileReference; lastKnownFileType = sourcecode.swift; path = TabSwitchView.swift; sourceTree = "<group>"; };
		678289692C2CE4AA0031028D /* SymbolPicker.swift */ = {isa = PBXFileReference; lastKnownFileType = sourcecode.swift; path = SymbolPicker.swift; sourceTree = "<group>"; };
		6782896C2C2CEE300031028D /* ColorPicker.swift */ = {isa = PBXFileReference; lastKnownFileType = sourcecode.swift; path = ColorPicker.swift; sourceTree = "<group>"; };
		6788D24D2C23C505001E3CDD /* ThemeThumbnail.swift */ = {isa = PBXFileReference; lastKnownFileType = sourcecode.swift; path = ThemeThumbnail.swift; sourceTree = "<group>"; };
		678A3FFD2BFB42CE00EC1318 /* Sheep Habit.app */ = {isa = PBXFileReference; explicitFileType = wrapper.application; includeInIndex = 0; path = "Sheep Habit.app"; sourceTree = BUILT_PRODUCTS_DIR; };
		678A40002BFB42CE00EC1318 /* Sheep_HabitApp.swift */ = {isa = PBXFileReference; lastKnownFileType = sourcecode.swift; path = Sheep_HabitApp.swift; sourceTree = "<group>"; };
		678A40022BFB42CE00EC1318 /* ContentView.swift */ = {isa = PBXFileReference; lastKnownFileType = sourcecode.swift; path = ContentView.swift; sourceTree = "<group>"; };
		678A40062BFB42CF00EC1318 /* Assets.xcassets */ = {isa = PBXFileReference; lastKnownFileType = folder.assetcatalog; path = Assets.xcassets; sourceTree = "<group>"; };
		678A40092BFB42CF00EC1318 /* Preview Assets.xcassets */ = {isa = PBXFileReference; lastKnownFileType = folder.assetcatalog; path = "Preview Assets.xcassets"; sourceTree = "<group>"; };
		678A400F2BFB42CF00EC1318 /* Sheep HabitTests.xctest */ = {isa = PBXFileReference; explicitFileType = wrapper.cfbundle; includeInIndex = 0; path = "Sheep HabitTests.xctest"; sourceTree = BUILT_PRODUCTS_DIR; };
		678A40132BFB42CF00EC1318 /* Sheep_HabitTests.swift */ = {isa = PBXFileReference; lastKnownFileType = sourcecode.swift; path = Sheep_HabitTests.swift; sourceTree = "<group>"; };
		678A40192BFB42CF00EC1318 /* Sheep HabitUITests.xctest */ = {isa = PBXFileReference; explicitFileType = wrapper.cfbundle; includeInIndex = 0; path = "Sheep HabitUITests.xctest"; sourceTree = BUILT_PRODUCTS_DIR; };
		678A401D2BFB42CF00EC1318 /* Sheep_HabitUITests.swift */ = {isa = PBXFileReference; lastKnownFileType = sourcecode.swift; path = Sheep_HabitUITests.swift; sourceTree = "<group>"; };
		678A401F2BFB42CF00EC1318 /* Sheep_HabitUITestsLaunchTests.swift */ = {isa = PBXFileReference; lastKnownFileType = sourcecode.swift; path = Sheep_HabitUITestsLaunchTests.swift; sourceTree = "<group>"; };
		678A402C2BFB42EB00EC1318 /* HabitModel.swift */ = {isa = PBXFileReference; lastKnownFileType = sourcecode.swift; path = HabitModel.swift; sourceTree = "<group>"; };
		678A40302BFB932C00EC1318 /* ColorExtension.swift */ = {isa = PBXFileReference; lastKnownFileType = sourcecode.swift; path = ColorExtension.swift; sourceTree = "<group>"; };
		678A40342BFB97F100EC1318 /* HabitLandscapeDotsGraph.swift */ = {isa = PBXFileReference; lastKnownFileType = sourcecode.swift; path = HabitLandscapeDotsGraph.swift; sourceTree = "<group>"; };
		678A40362BFB980400EC1318 /* HabitView.swift */ = {isa = PBXFileReference; lastKnownFileType = sourcecode.swift; path = HabitView.swift; sourceTree = "<group>"; };
		678A403A2BFC81D700EC1318 /* TestView.swift */ = {isa = PBXFileReference; lastKnownFileType = sourcecode.swift; path = TestView.swift; sourceTree = "<group>"; };
		67A343FA2C22D190006D46E9 /* ColorManager.swift */ = {isa = PBXFileReference; lastKnownFileType = sourcecode.swift; path = ColorManager.swift; sourceTree = "<group>"; };
		67A343FC2C22DB01006D46E9 /* ThemeSelectView.swift */ = {isa = PBXFileReference; lastKnownFileType = sourcecode.swift; path = ThemeSelectView.swift; sourceTree = "<group>"; };
		67B09A422C07096D00F86E23 /* AddNewHabitView.swift */ = {isa = PBXFileReference; lastKnownFileType = sourcecode.swift; path = AddNewHabitView.swift; sourceTree = "<group>"; };
		67B09A462C070F6100F86E23 /* CustomedStyles.swift */ = {isa = PBXFileReference; lastKnownFileType = sourcecode.swift; path = CustomedStyles.swift; sourceTree = "<group>"; };
		67B8C4142C1C548800D82117 /* AppIconView.swift */ = {isa = PBXFileReference; lastKnownFileType = sourcecode.swift; path = AppIconView.swift; sourceTree = "<group>"; };
		67B8C4182C1D95E400D82117 /* LineChartView.swift */ = {isa = PBXFileReference; lastKnownFileType = sourcecode.swift; path = LineChartView.swift; sourceTree = "<group>"; };
		67D135B72BFED88600A82DAD /* CustomedShapes.swift */ = {isa = PBXFileReference; lastKnownFileType = sourcecode.swift; path = CustomedShapes.swift; sourceTree = "<group>"; };
		67D135BB2BFF27D900A82DAD /* CustomedPickerView.swift */ = {isa = PBXFileReference; lastKnownFileType = sourcecode.swift; path = CustomedPickerView.swift; sourceTree = "<group>"; };
		67D135BD2BFF281900A82DAD /* CustomedPickerModel.swift */ = {isa = PBXFileReference; lastKnownFileType = sourcecode.swift; path = CustomedPickerModel.swift; sourceTree = "<group>"; };
		67D1AE122C0E03C900DA59AE /* HabitLineDotsGraph.swift */ = {isa = PBXFileReference; lastKnownFileType = sourcecode.swift; path = HabitLineDotsGraph.swift; sourceTree = "<group>"; };
		67D886272C1FF6CD00667A55 /* HabitLogView.swift */ = {isa = PBXFileReference; lastKnownFileType = sourcecode.swift; path = HabitLogView.swift; sourceTree = "<group>"; };
		67D8862B2C21285000667A55 /* ReviewBlockView.swift */ = {isa = PBXFileReference; lastKnownFileType = sourcecode.swift; path = ReviewBlockView.swift; sourceTree = "<group>"; };
		67E74BC02C06F821003D1C37 /* HabitCompleteButtonView.swift */ = {isa = PBXFileReference; lastKnownFileType = sourcecode.swift; path = HabitCompleteButtonView.swift; sourceTree = "<group>"; };
/* End PBXFileReference section */

/* Begin PBXFrameworksBuildPhase section */
		678A3FFA2BFB42CE00EC1318 /* Frameworks */ = {
			isa = PBXFrameworksBuildPhase;
			buildActionMask = 2147483647;
			files = (
				67D1AE112C0B52C700DA59AE /* ContributionChart in Frameworks */,
			);
			runOnlyForDeploymentPostprocessing = 0;
		};
		678A400C2BFB42CF00EC1318 /* Frameworks */ = {
			isa = PBXFrameworksBuildPhase;
			buildActionMask = 2147483647;
			files = (
			);
			runOnlyForDeploymentPostprocessing = 0;
		};
		678A40162BFB42CF00EC1318 /* Frameworks */ = {
			isa = PBXFrameworksBuildPhase;
			buildActionMask = 2147483647;
			files = (
			);
			runOnlyForDeploymentPostprocessing = 0;
		};
/* End PBXFrameworksBuildPhase section */

/* Begin PBXGroup section */
		676A86512C083878005D742B /* Elements */ = {
			isa = PBXGroup;
			children = (
				675BD99E2C2A4F9C00F4AD18 /* HabitLogButton.swift */,
				67519C6B2C22ADDD00AA01E9 /* HideDetailViewButtonTip.swift */,
				6788D24D2C23C505001E3CDD /* ThemeThumbnail.swift */,
				673CDFF22C21CFE3009C8317 /* HabitCompletionCaption.swift */,
				67E74BC02C06F821003D1C37 /* HabitCompleteButtonView.swift */,
				67B8C4142C1C548800D82117 /* AppIconView.swift */,
				676A86542C083AE8005D742B /* DotView.swift */,
				676A865A2C083BD1005D742B /* WeekDayIndicatorView.swift */,
				67B09A462C070F6100F86E23 /* CustomedStyles.swift */,
				67D135B72BFED88600A82DAD /* CustomedShapes.swift */,
			);
			name = Elements;
			sourceTree = "<group>";
		};
		676A86592C083B83005D742B /* Screen */ = {
			isa = PBXGroup;
			children = (
				67D886272C1FF6CD00667A55 /* HabitLogView.swift */,
				678A40022BFB42CE00EC1318 /* ContentView.swift */,
				67519C692C22973A00AA01E9 /* ContentViewFunctions.swift */,
				6708A3F72C28717A004F7468 /* ContentViewComponents.swift */,
				67B09A422C07096D00F86E23 /* AddNewHabitView.swift */,
				676A86642C0B114A005D742B /* HabitDetailView.swift */,
			);
			name = Screen;
			sourceTree = "<group>";
		};
		676A865D2C083C12005D742B /* Components */ = {
			isa = PBXGroup;
			children = (
				6782896C2C2CEE300031028D /* ColorPicker.swift */,
				678289692C2CE4AA0031028D /* SymbolPicker.swift */,
				678A40362BFB980400EC1318 /* HabitView.swift */,
				67A343FC2C22DB01006D46E9 /* ThemeSelectView.swift */,
				6766816D2C2136AC009BEF43 /* YearBlockChartView.swift */,
				67D8862B2C21285000667A55 /* ReviewBlockView.swift */,
				67B8C4182C1D95E400D82117 /* LineChartView.swift */,
				67D1AE122C0E03C900DA59AE /* HabitLineDotsGraph.swift */,
				678A40342BFB97F100EC1318 /* HabitLandscapeDotsGraph.swift */,
				676A86662C0B2813005D742B /* TabSwitchView.swift */,
				671D18C92C197AEF001C9BC0 /* HabitBarChartView.swift */,
				67D135BB2BFF27D900A82DAD /* CustomedPickerView.swift */,
			);
			name = Components;
			sourceTree = "<group>";
		};
		678289682C2C53EC0031028D /* ViewModel */ = {
			isa = PBXGroup;
			children = (
				67A343FA2C22D190006D46E9 /* ColorManager.swift */,
			);
			path = ViewModel;
			sourceTree = "<group>";
		};
		6782896B2C2CE5250031028D /* Extensions */ = {
			isa = PBXGroup;
			children = (
				678A40302BFB932C00EC1318 /* ColorExtension.swift */,
			);
			path = Extensions;
			sourceTree = "<group>";
		};
		678A3FF42BFB42CE00EC1318 = {
			isa = PBXGroup;
			children = (
				678A3FFF2BFB42CE00EC1318 /* Sheep Habit */,
				678A40122BFB42CF00EC1318 /* Sheep HabitTests */,
				678A401C2BFB42CF00EC1318 /* Sheep HabitUITests */,
				678A3FFE2BFB42CE00EC1318 /* Products */,
				67D1AE0F2C0B52C700DA59AE /* Frameworks */,
			);
			sourceTree = "<group>";
		};
		678A3FFE2BFB42CE00EC1318 /* Products */ = {
			isa = PBXGroup;
			children = (
				678A3FFD2BFB42CE00EC1318 /* Sheep Habit.app */,
				678A400F2BFB42CF00EC1318 /* Sheep HabitTests.xctest */,
				678A40192BFB42CF00EC1318 /* Sheep HabitUITests.xctest */,
			);
			name = Products;
			sourceTree = "<group>";
		};
		678A3FFF2BFB42CE00EC1318 /* Sheep Habit */ = {
			isa = PBXGroup;
			children = (
				678A40002BFB42CE00EC1318 /* Sheep_HabitApp.swift */,
				678A40062BFB42CF00EC1318 /* Assets.xcassets */,
				678A40322BFB95A600EC1318 /* Models */,
				678289682C2C53EC0031028D /* ViewModel */,
				678A40332BFB95B700EC1318 /* Views */,
				6782896B2C2CE5250031028D /* Extensions */,
				678A40082BFB42CF00EC1318 /* Preview Content */,
			);
			path = "Sheep Habit";
			sourceTree = "<group>";
		};
		678A40082BFB42CF00EC1318 /* Preview Content */ = {
			isa = PBXGroup;
			children = (
				678A40092BFB42CF00EC1318 /* Preview Assets.xcassets */,
			);
			path = "Preview Content";
			sourceTree = "<group>";
		};
		678A40122BFB42CF00EC1318 /* Sheep HabitTests */ = {
			isa = PBXGroup;
			children = (
				678A40132BFB42CF00EC1318 /* Sheep_HabitTests.swift */,
			);
			path = "Sheep HabitTests";
			sourceTree = "<group>";
		};
		678A401C2BFB42CF00EC1318 /* Sheep HabitUITests */ = {
			isa = PBXGroup;
			children = (
				678A401D2BFB42CF00EC1318 /* Sheep_HabitUITests.swift */,
				678A401F2BFB42CF00EC1318 /* Sheep_HabitUITestsLaunchTests.swift */,
			);
			path = "Sheep HabitUITests";
			sourceTree = "<group>";
		};
		678A40322BFB95A600EC1318 /* Models */ = {
			isa = PBXGroup;
			children = (
				678A402C2BFB42EB00EC1318 /* HabitModel.swift */,
				67D135BD2BFF281900A82DAD /* CustomedPickerModel.swift */,
			);
			path = Models;
			sourceTree = "<group>";
		};
		678A40332BFB95B700EC1318 /* Views */ = {
			isa = PBXGroup;
			children = (
				678A403A2BFC81D700EC1318 /* TestView.swift */,
				676A86592C083B83005D742B /* Screen */,
				676A865D2C083C12005D742B /* Components */,
				676A86512C083878005D742B /* Elements */,
			);
			path = Views;
			sourceTree = "<group>";
		};
		67D1AE0F2C0B52C700DA59AE /* Frameworks */ = {
			isa = PBXGroup;
			children = (
			);
			name = Frameworks;
			sourceTree = "<group>";
		};
/* End PBXGroup section */

/* Begin PBXNativeTarget section */
		678A3FFC2BFB42CE00EC1318 /* Sheep Habit */ = {
			isa = PBXNativeTarget;
			buildConfigurationList = 678A40232BFB42CF00EC1318 /* Build configuration list for PBXNativeTarget "Sheep Habit" */;
			buildPhases = (
				678A3FF92BFB42CE00EC1318 /* Sources */,
				678A3FFA2BFB42CE00EC1318 /* Frameworks */,
				678A3FFB2BFB42CE00EC1318 /* Resources */,
			);
			buildRules = (
			);
			dependencies = (
			);
			name = "Sheep Habit";
			packageProductDependencies = (
				67D1AE102C0B52C700DA59AE /* ContributionChart */,
			);
			productName = "Sheep Habit";
			productReference = 678A3FFD2BFB42CE00EC1318 /* Sheep Habit.app */;
			productType = "com.apple.product-type.application";
		};
		678A400E2BFB42CF00EC1318 /* Sheep HabitTests */ = {
			isa = PBXNativeTarget;
			buildConfigurationList = 678A40262BFB42CF00EC1318 /* Build configuration list for PBXNativeTarget "Sheep HabitTests" */;
			buildPhases = (
				678A400B2BFB42CF00EC1318 /* Sources */,
				678A400C2BFB42CF00EC1318 /* Frameworks */,
				678A400D2BFB42CF00EC1318 /* Resources */,
			);
			buildRules = (
			);
			dependencies = (
				678A40112BFB42CF00EC1318 /* PBXTargetDependency */,
			);
			name = "Sheep HabitTests";
			productName = "Sheep HabitTests";
			productReference = 678A400F2BFB42CF00EC1318 /* Sheep HabitTests.xctest */;
			productType = "com.apple.product-type.bundle.unit-test";
		};
		678A40182BFB42CF00EC1318 /* Sheep HabitUITests */ = {
			isa = PBXNativeTarget;
			buildConfigurationList = 678A40292BFB42CF00EC1318 /* Build configuration list for PBXNativeTarget "Sheep HabitUITests" */;
			buildPhases = (
				678A40152BFB42CF00EC1318 /* Sources */,
				678A40162BFB42CF00EC1318 /* Frameworks */,
				678A40172BFB42CF00EC1318 /* Resources */,
			);
			buildRules = (
			);
			dependencies = (
				678A401B2BFB42CF00EC1318 /* PBXTargetDependency */,
			);
			name = "Sheep HabitUITests";
			productName = "Sheep HabitUITests";
			productReference = 678A40192BFB42CF00EC1318 /* Sheep HabitUITests.xctest */;
			productType = "com.apple.product-type.bundle.ui-testing";
		};
/* End PBXNativeTarget section */

/* Begin PBXProject section */
		678A3FF52BFB42CE00EC1318 /* Project object */ = {
			isa = PBXProject;
			attributes = {
				BuildIndependentTargetsInParallel = 1;
				LastSwiftUpdateCheck = 1530;
				LastUpgradeCheck = 1600;
				TargetAttributes = {
					678A3FFC2BFB42CE00EC1318 = {
						CreatedOnToolsVersion = 15.3;
					};
					678A400E2BFB42CF00EC1318 = {
						CreatedOnToolsVersion = 15.3;
						TestTargetID = 678A3FFC2BFB42CE00EC1318;
					};
					678A40182BFB42CF00EC1318 = {
						CreatedOnToolsVersion = 15.3;
						TestTargetID = 678A3FFC2BFB42CE00EC1318;
					};
				};
			};
			buildConfigurationList = 678A3FF82BFB42CE00EC1318 /* Build configuration list for PBXProject "Sheep Habit" */;
			compatibilityVersion = "Xcode 14.0";
			developmentRegion = en;
			hasScannedForEncodings = 0;
			knownRegions = (
				en,
				Base,
			);
			mainGroup = 678A3FF42BFB42CE00EC1318;
			packageReferences = (
				676A86682C0B5182005D742B /* XCRemoteSwiftPackageReference "SwiftUI-ContributionChart" */,
			);
			productRefGroup = 678A3FFE2BFB42CE00EC1318 /* Products */;
			projectDirPath = "";
			projectRoot = "";
			targets = (
				678A3FFC2BFB42CE00EC1318 /* Sheep Habit */,
				678A400E2BFB42CF00EC1318 /* Sheep HabitTests */,
				678A40182BFB42CF00EC1318 /* Sheep HabitUITests */,
			);
		};
/* End PBXProject section */

/* Begin PBXResourcesBuildPhase section */
		678A3FFB2BFB42CE00EC1318 /* Resources */ = {
			isa = PBXResourcesBuildPhase;
			buildActionMask = 2147483647;
			files = (
				678A400A2BFB42CF00EC1318 /* Preview Assets.xcassets in Resources */,
				678A40072BFB42CF00EC1318 /* Assets.xcassets in Resources */,
			);
			runOnlyForDeploymentPostprocessing = 0;
		};
		678A400D2BFB42CF00EC1318 /* Resources */ = {
			isa = PBXResourcesBuildPhase;
			buildActionMask = 2147483647;
			files = (
			);
			runOnlyForDeploymentPostprocessing = 0;
		};
		678A40172BFB42CF00EC1318 /* Resources */ = {
			isa = PBXResourcesBuildPhase;
			buildActionMask = 2147483647;
			files = (
			);
			runOnlyForDeploymentPostprocessing = 0;
		};
/* End PBXResourcesBuildPhase section */

/* Begin PBXSourcesBuildPhase section */
		678A3FF92BFB42CE00EC1318 /* Sources */ = {
			isa = PBXSourcesBuildPhase;
			buildActionMask = 2147483647;
			files = (
				67B09A432C07096D00F86E23 /* AddNewHabitView.swift in Sources */,
				673CDFF32C21CFEA009C8317 /* HabitCompletionCaption.swift in Sources */,
				676A86652C0B114A005D742B /* HabitDetailView.swift in Sources */,
				676A86672C0B2813005D742B /* TabSwitchView.swift in Sources */,
				67E74BC12C06F821003D1C37 /* HabitCompleteButtonView.swift in Sources */,
				678A40352BFB97F100EC1318 /* HabitLandscapeDotsGraph.swift in Sources */,
				678A402D2BFB42EB00EC1318 /* HabitModel.swift in Sources */,
				67519C6C2C22ADE800AA01E9 /* HideDetailViewButtonTip.swift in Sources */,
				67A343FD2C22DB0F006D46E9 /* ThemeSelectView.swift in Sources */,
				671D18CA2C197AEF001C9BC0 /* HabitBarChartView.swift in Sources */,
				67D135BC2BFF27D900A82DAD /* CustomedPickerView.swift in Sources */,
				67B8C4152C1C548D00D82117 /* AppIconView.swift in Sources */,
				6788D24E2C23C50C001E3CDD /* ThemeThumbnail.swift in Sources */,
				6782896D2C2CEE360031028D /* ColorPicker.swift in Sources */,
				67D1AE132C0E03C900DA59AE /* HabitLineDotsGraph.swift in Sources */,
				67A343FB2C22D199006D46E9 /* ColorManager.swift in Sources */,
				67B8C4192C1D95E900D82117 /* LineChartView.swift in Sources */,
				67D135B82BFED88600A82DAD /* CustomedShapes.swift in Sources */,
				676A865B2C083BD1005D742B /* WeekDayIndicatorView.swift in Sources */,
				67B09A472C070F6100F86E23 /* CustomedStyles.swift in Sources */,
				678A40312BFB932C00EC1318 /* ColorExtension.swift in Sources */,
				67D8862C2C21285700667A55 /* ReviewBlockView.swift in Sources */,
				675BD99F2C2A4F9F00F4AD18 /* HabitLogButton.swift in Sources */,
				678A40372BFB980400EC1318 /* HabitView.swift in Sources */,
				67D135BE2BFF281900A82DAD /* CustomedPickerModel.swift in Sources */,
				6708A3F82C287183004F7468 /* ContentViewComponents.swift in Sources */,
				678A403B2BFC81D700EC1318 /* TestView.swift in Sources */,
				6782896A2C2CE4BF0031028D /* SymbolPicker.swift in Sources */,
				67D886282C1FF6DA00667A55 /* HabitLogView.swift in Sources */,
				678A40032BFB42CE00EC1318 /* ContentView.swift in Sources */,
				678A40012BFB42CE00EC1318 /* Sheep_HabitApp.swift in Sources */,
				67519C6A2C22974A00AA01E9 /* ContentViewFunctions.swift in Sources */,
				676A86552C083AE8005D742B /* DotView.swift in Sources */,
				6766816E2C2136B2009BEF43 /* YearBlockChartView.swift in Sources */,
			);
			runOnlyForDeploymentPostprocessing = 0;
		};
		678A400B2BFB42CF00EC1318 /* Sources */ = {
			isa = PBXSourcesBuildPhase;
			buildActionMask = 2147483647;
			files = (
				678A40142BFB42CF00EC1318 /* Sheep_HabitTests.swift in Sources */,
			);
			runOnlyForDeploymentPostprocessing = 0;
		};
		678A40152BFB42CF00EC1318 /* Sources */ = {
			isa = PBXSourcesBuildPhase;
			buildActionMask = 2147483647;
			files = (
				678A401E2BFB42CF00EC1318 /* Sheep_HabitUITests.swift in Sources */,
				678A40202BFB42CF00EC1318 /* Sheep_HabitUITestsLaunchTests.swift in Sources */,
			);
			runOnlyForDeploymentPostprocessing = 0;
		};
/* End PBXSourcesBuildPhase section */

/* Begin PBXTargetDependency section */
		678A40112BFB42CF00EC1318 /* PBXTargetDependency */ = {
			isa = PBXTargetDependency;
			target = 678A3FFC2BFB42CE00EC1318 /* Sheep Habit */;
			targetProxy = 678A40102BFB42CF00EC1318 /* PBXContainerItemProxy */;
		};
		678A401B2BFB42CF00EC1318 /* PBXTargetDependency */ = {
			isa = PBXTargetDependency;
			target = 678A3FFC2BFB42CE00EC1318 /* Sheep Habit */;
			targetProxy = 678A401A2BFB42CF00EC1318 /* PBXContainerItemProxy */;
		};
/* End PBXTargetDependency section */

/* Begin XCBuildConfiguration section */
		678A40212BFB42CF00EC1318 /* Debug */ = {
			isa = XCBuildConfiguration;
			buildSettings = {
				ALWAYS_SEARCH_USER_PATHS = NO;
				ASSETCATALOG_COMPILER_APPICON_NAME = IconBabyComeBack;
				ASSETCATALOG_COMPILER_GENERATE_SWIFT_ASSET_SYMBOL_EXTENSIONS = YES;
				CLANG_ANALYZER_NONNULL = YES;
				CLANG_ANALYZER_NUMBER_OBJECT_CONVERSION = YES_AGGRESSIVE;
				CLANG_CXX_LANGUAGE_STANDARD = "gnu++20";
				CLANG_ENABLE_MODULES = YES;
				CLANG_ENABLE_OBJC_ARC = YES;
				CLANG_ENABLE_OBJC_WEAK = YES;
				CLANG_WARN_BLOCK_CAPTURE_AUTORELEASING = YES;
				CLANG_WARN_BOOL_CONVERSION = YES;
				CLANG_WARN_COMMA = YES;
				CLANG_WARN_CONSTANT_CONVERSION = YES;
				CLANG_WARN_DEPRECATED_OBJC_IMPLEMENTATIONS = YES;
				CLANG_WARN_DIRECT_OBJC_ISA_USAGE = YES_ERROR;
				CLANG_WARN_DOCUMENTATION_COMMENTS = YES;
				CLANG_WARN_EMPTY_BODY = YES;
				CLANG_WARN_ENUM_CONVERSION = YES;
				CLANG_WARN_INFINITE_RECURSION = YES;
				CLANG_WARN_INT_CONVERSION = YES;
				CLANG_WARN_NON_LITERAL_NULL_CONVERSION = YES;
				CLANG_WARN_OBJC_IMPLICIT_RETAIN_SELF = YES;
				CLANG_WARN_OBJC_LITERAL_CONVERSION = YES;
				CLANG_WARN_OBJC_ROOT_CLASS = YES_ERROR;
				CLANG_WARN_QUOTED_INCLUDE_IN_FRAMEWORK_HEADER = YES;
				CLANG_WARN_RANGE_LOOP_ANALYSIS = YES;
				CLANG_WARN_STRICT_PROTOTYPES = YES;
				CLANG_WARN_SUSPICIOUS_MOVE = YES;
				CLANG_WARN_UNGUARDED_AVAILABILITY = YES_AGGRESSIVE;
				CLANG_WARN_UNREACHABLE_CODE = YES;
				CLANG_WARN__DUPLICATE_METHOD_MATCH = YES;
				COPY_PHASE_STRIP = NO;
				DEBUG_INFORMATION_FORMAT = dwarf;
				ENABLE_STRICT_OBJC_MSGSEND = YES;
				ENABLE_TESTABILITY = YES;
				ENABLE_USER_SCRIPT_SANDBOXING = YES;
				GCC_C_LANGUAGE_STANDARD = gnu17;
				GCC_DYNAMIC_NO_PIC = NO;
				GCC_NO_COMMON_BLOCKS = YES;
				GCC_OPTIMIZATION_LEVEL = 0;
				GCC_PREPROCESSOR_DEFINITIONS = (
					"DEBUG=1",
					"$(inherited)",
				);
				GCC_WARN_64_TO_32_BIT_CONVERSION = YES;
				GCC_WARN_ABOUT_RETURN_TYPE = YES_ERROR;
				GCC_WARN_UNDECLARED_SELECTOR = YES;
				GCC_WARN_UNINITIALIZED_AUTOS = YES_AGGRESSIVE;
				GCC_WARN_UNUSED_FUNCTION = YES;
				GCC_WARN_UNUSED_VARIABLE = YES;
				INFOPLIST_KEY_UILaunchScreen_Generation = NO;
				INFOPLIST_KEY_UILaunchStoryboardName = "";
				IPHONEOS_DEPLOYMENT_TARGET = 17.4;
				LOCALIZATION_PREFERS_STRING_CATALOGS = YES;
				MTL_ENABLE_DEBUG_INFO = INCLUDE_SOURCE;
				MTL_FAST_MATH = YES;
				ONLY_ACTIVE_ARCH = YES;
				SDKROOT = iphoneos;
				SWIFT_ACTIVE_COMPILATION_CONDITIONS = "DEBUG $(inherited)";
				SWIFT_OPTIMIZATION_LEVEL = "-Onone";
			};
			name = Debug;
		};
		678A40222BFB42CF00EC1318 /* Release */ = {
			isa = XCBuildConfiguration;
			buildSettings = {
				ALWAYS_SEARCH_USER_PATHS = NO;
				ASSETCATALOG_COMPILER_APPICON_NAME = IconBabyComeBack;
				ASSETCATALOG_COMPILER_GENERATE_SWIFT_ASSET_SYMBOL_EXTENSIONS = YES;
				CLANG_ANALYZER_NONNULL = YES;
				CLANG_ANALYZER_NUMBER_OBJECT_CONVERSION = YES_AGGRESSIVE;
				CLANG_CXX_LANGUAGE_STANDARD = "gnu++20";
				CLANG_ENABLE_MODULES = YES;
				CLANG_ENABLE_OBJC_ARC = YES;
				CLANG_ENABLE_OBJC_WEAK = YES;
				CLANG_WARN_BLOCK_CAPTURE_AUTORELEASING = YES;
				CLANG_WARN_BOOL_CONVERSION = YES;
				CLANG_WARN_COMMA = YES;
				CLANG_WARN_CONSTANT_CONVERSION = YES;
				CLANG_WARN_DEPRECATED_OBJC_IMPLEMENTATIONS = YES;
				CLANG_WARN_DIRECT_OBJC_ISA_USAGE = YES_ERROR;
				CLANG_WARN_DOCUMENTATION_COMMENTS = YES;
				CLANG_WARN_EMPTY_BODY = YES;
				CLANG_WARN_ENUM_CONVERSION = YES;
				CLANG_WARN_INFINITE_RECURSION = YES;
				CLANG_WARN_INT_CONVERSION = YES;
				CLANG_WARN_NON_LITERAL_NULL_CONVERSION = YES;
				CLANG_WARN_OBJC_IMPLICIT_RETAIN_SELF = YES;
				CLANG_WARN_OBJC_LITERAL_CONVERSION = YES;
				CLANG_WARN_OBJC_ROOT_CLASS = YES_ERROR;
				CLANG_WARN_QUOTED_INCLUDE_IN_FRAMEWORK_HEADER = YES;
				CLANG_WARN_RANGE_LOOP_ANALYSIS = YES;
				CLANG_WARN_STRICT_PROTOTYPES = YES;
				CLANG_WARN_SUSPICIOUS_MOVE = YES;
				CLANG_WARN_UNGUARDED_AVAILABILITY = YES_AGGRESSIVE;
				CLANG_WARN_UNREACHABLE_CODE = YES;
				CLANG_WARN__DUPLICATE_METHOD_MATCH = YES;
				COPY_PHASE_STRIP = NO;
				DEBUG_INFORMATION_FORMAT = "dwarf-with-dsym";
				ENABLE_NS_ASSERTIONS = NO;
				ENABLE_STRICT_OBJC_MSGSEND = YES;
				ENABLE_USER_SCRIPT_SANDBOXING = YES;
				GCC_C_LANGUAGE_STANDARD = gnu17;
				GCC_NO_COMMON_BLOCKS = YES;
				GCC_WARN_64_TO_32_BIT_CONVERSION = YES;
				GCC_WARN_ABOUT_RETURN_TYPE = YES_ERROR;
				GCC_WARN_UNDECLARED_SELECTOR = YES;
				GCC_WARN_UNINITIALIZED_AUTOS = YES_AGGRESSIVE;
				GCC_WARN_UNUSED_FUNCTION = YES;
				GCC_WARN_UNUSED_VARIABLE = YES;
				INFOPLIST_KEY_UILaunchScreen_Generation = NO;
				INFOPLIST_KEY_UILaunchStoryboardName = "";
				IPHONEOS_DEPLOYMENT_TARGET = 17.4;
				LOCALIZATION_PREFERS_STRING_CATALOGS = YES;
				MTL_ENABLE_DEBUG_INFO = NO;
				MTL_FAST_MATH = YES;
				SDKROOT = iphoneos;
				SWIFT_COMPILATION_MODE = wholemodule;
				VALIDATE_PRODUCT = YES;
			};
			name = Release;
		};
		678A40242BFB42CF00EC1318 /* Debug */ = {
			isa = XCBuildConfiguration;
			buildSettings = {
				ASSETCATALOG_COMPILER_APPICON_NAME = IconBabyComeBack;
				ASSETCATALOG_COMPILER_GLOBAL_ACCENT_COLOR_NAME = AccentColor;
				ASSETCATALOG_COMPILER_INCLUDE_ALL_APPICON_ASSETS = YES;
				CODE_SIGN_STYLE = Automatic;
				CURRENT_PROJECT_VERSION = 1;
				DEVELOPMENT_ASSET_PATHS = "\"Sheep Habit/Preview Content\"";
				DEVELOPMENT_TEAM = 742H4PN2MH;
				ENABLE_PREVIEWS = YES;
				GENERATE_INFOPLIST_FILE = YES;
				INFOPLIST_KEY_UIApplicationSceneManifest_Generation = YES;
				INFOPLIST_KEY_UIApplicationSupportsIndirectInputEvents = YES;
				INFOPLIST_KEY_UILaunchScreen_Generation = YES;
				INFOPLIST_KEY_UISupportedInterfaceOrientations_iPad = "UIInterfaceOrientationPortrait UIInterfaceOrientationPortraitUpsideDown UIInterfaceOrientationLandscapeLeft UIInterfaceOrientationLandscapeRight";
				INFOPLIST_KEY_UISupportedInterfaceOrientations_iPhone = UIInterfaceOrientationPortrait;
				IPHONEOS_DEPLOYMENT_TARGET = 18.0;
				LD_RUNPATH_SEARCH_PATHS = (
					"$(inherited)",
					"@executable_path/Frameworks",
				);
				MARKETING_VERSION = 1.0;
				PRODUCT_BUNDLE_IDENTIFIER = "Feiyang.Sheep-Habit";
				PRODUCT_NAME = "$(TARGET_NAME)";
				SWIFT_EMIT_LOC_STRINGS = YES;
				SWIFT_VERSION = 5.0;
				TARGETED_DEVICE_FAMILY = "1,2";
			};
			name = Debug;
		};
		678A40252BFB42CF00EC1318 /* Release */ = {
			isa = XCBuildConfiguration;
			buildSettings = {
				ASSETCATALOG_COMPILER_APPICON_NAME = IconBabyComeBack;
				ASSETCATALOG_COMPILER_GLOBAL_ACCENT_COLOR_NAME = AccentColor;
				ASSETCATALOG_COMPILER_INCLUDE_ALL_APPICON_ASSETS = YES;
				CODE_SIGN_STYLE = Automatic;
				CURRENT_PROJECT_VERSION = 1;
				DEVELOPMENT_ASSET_PATHS = "\"Sheep Habit/Preview Content\"";
				DEVELOPMENT_TEAM = 742H4PN2MH;
				ENABLE_PREVIEWS = YES;
				GENERATE_INFOPLIST_FILE = YES;
				INFOPLIST_KEY_UIApplicationSceneManifest_Generation = YES;
				INFOPLIST_KEY_UIApplicationSupportsIndirectInputEvents = YES;
				INFOPLIST_KEY_UILaunchScreen_Generation = YES;
				INFOPLIST_KEY_UISupportedInterfaceOrientations_iPad = "UIInterfaceOrientationPortrait UIInterfaceOrientationPortraitUpsideDown UIInterfaceOrientationLandscapeLeft UIInterfaceOrientationLandscapeRight";
				INFOPLIST_KEY_UISupportedInterfaceOrientations_iPhone = UIInterfaceOrientationPortrait;
				IPHONEOS_DEPLOYMENT_TARGET = 18.0;
				LD_RUNPATH_SEARCH_PATHS = (
					"$(inherited)",
					"@executable_path/Frameworks",
				);
				MARKETING_VERSION = 1.0;
				PRODUCT_BUNDLE_IDENTIFIER = "Feiyang.Sheep-Habit";
				PRODUCT_NAME = "$(TARGET_NAME)";
				SWIFT_EMIT_LOC_STRINGS = YES;
				SWIFT_VERSION = 5.0;
				TARGETED_DEVICE_FAMILY = "1,2";
			};
			name = Release;
		};
		678A40272BFB42CF00EC1318 /* Debug */ = {
			isa = XCBuildConfiguration;
			buildSettings = {
				BUNDLE_LOADER = "$(TEST_HOST)";
				CODE_SIGN_STYLE = Automatic;
				CURRENT_PROJECT_VERSION = 1;
				DEVELOPMENT_TEAM = 742H4PN2MH;
				GENERATE_INFOPLIST_FILE = YES;
				IPHONEOS_DEPLOYMENT_TARGET = 17.4;
				MARKETING_VERSION = 1.0;
				PRODUCT_BUNDLE_IDENTIFIER = "Feiyang.Sheep-HabitTests";
				PRODUCT_NAME = "$(TARGET_NAME)";
				SWIFT_EMIT_LOC_STRINGS = NO;
				SWIFT_VERSION = 5.0;
				TARGETED_DEVICE_FAMILY = "1,2";
				TEST_HOST = "$(BUILT_PRODUCTS_DIR)/Sheep Habit.app/$(BUNDLE_EXECUTABLE_FOLDER_PATH)/Sheep Habit";
			};
			name = Debug;
		};
		678A40282BFB42CF00EC1318 /* Release */ = {
			isa = XCBuildConfiguration;
			buildSettings = {
				BUNDLE_LOADER = "$(TEST_HOST)";
				CODE_SIGN_STYLE = Automatic;
				CURRENT_PROJECT_VERSION = 1;
				DEVELOPMENT_TEAM = 742H4PN2MH;
				GENERATE_INFOPLIST_FILE = YES;
				IPHONEOS_DEPLOYMENT_TARGET = 17.4;
				MARKETING_VERSION = 1.0;
				PRODUCT_BUNDLE_IDENTIFIER = "Feiyang.Sheep-HabitTests";
				PRODUCT_NAME = "$(TARGET_NAME)";
				SWIFT_EMIT_LOC_STRINGS = NO;
				SWIFT_VERSION = 5.0;
				TARGETED_DEVICE_FAMILY = "1,2";
				TEST_HOST = "$(BUILT_PRODUCTS_DIR)/Sheep Habit.app/$(BUNDLE_EXECUTABLE_FOLDER_PATH)/Sheep Habit";
			};
			name = Release;
		};
		678A402A2BFB42CF00EC1318 /* Debug */ = {
			isa = XCBuildConfiguration;
			buildSettings = {
				CODE_SIGN_STYLE = Automatic;
				CURRENT_PROJECT_VERSION = 1;
				DEVELOPMENT_TEAM = 742H4PN2MH;
				GENERATE_INFOPLIST_FILE = YES;
				MARKETING_VERSION = 1.0;
				PRODUCT_BUNDLE_IDENTIFIER = "Feiyang.Sheep-HabitUITests";
				PRODUCT_NAME = "$(TARGET_NAME)";
				SWIFT_EMIT_LOC_STRINGS = NO;
				SWIFT_VERSION = 5.0;
				TARGETED_DEVICE_FAMILY = "1,2";
				TEST_TARGET_NAME = "Sheep Habit";
			};
			name = Debug;
		};
		678A402B2BFB42CF00EC1318 /* Release */ = {
			isa = XCBuildConfiguration;
			buildSettings = {
				CODE_SIGN_STYLE = Automatic;
				CURRENT_PROJECT_VERSION = 1;
				DEVELOPMENT_TEAM = 742H4PN2MH;
				GENERATE_INFOPLIST_FILE = YES;
				MARKETING_VERSION = 1.0;
				PRODUCT_BUNDLE_IDENTIFIER = "Feiyang.Sheep-HabitUITests";
				PRODUCT_NAME = "$(TARGET_NAME)";
				SWIFT_EMIT_LOC_STRINGS = NO;
				SWIFT_VERSION = 5.0;
				TARGETED_DEVICE_FAMILY = "1,2";
				TEST_TARGET_NAME = "Sheep Habit";
			};
			name = Release;
		};
/* End XCBuildConfiguration section */

/* Begin XCConfigurationList section */
		678A3FF82BFB42CE00EC1318 /* Build configuration list for PBXProject "Sheep Habit" */ = {
			isa = XCConfigurationList;
			buildConfigurations = (
				678A40212BFB42CF00EC1318 /* Debug */,
				678A40222BFB42CF00EC1318 /* Release */,
			);
			defaultConfigurationIsVisible = 0;
			defaultConfigurationName = Release;
		};
		678A40232BFB42CF00EC1318 /* Build configuration list for PBXNativeTarget "Sheep Habit" */ = {
			isa = XCConfigurationList;
			buildConfigurations = (
				678A40242BFB42CF00EC1318 /* Debug */,
				678A40252BFB42CF00EC1318 /* Release */,
			);
			defaultConfigurationIsVisible = 0;
			defaultConfigurationName = Release;
		};
		678A40262BFB42CF00EC1318 /* Build configuration list for PBXNativeTarget "Sheep HabitTests" */ = {
			isa = XCConfigurationList;
			buildConfigurations = (
				678A40272BFB42CF00EC1318 /* Debug */,
				678A40282BFB42CF00EC1318 /* Release */,
			);
			defaultConfigurationIsVisible = 0;
			defaultConfigurationName = Release;
		};
		678A40292BFB42CF00EC1318 /* Build configuration list for PBXNativeTarget "Sheep HabitUITests" */ = {
			isa = XCConfigurationList;
			buildConfigurations = (
				678A402A2BFB42CF00EC1318 /* Debug */,
				678A402B2BFB42CF00EC1318 /* Release */,
			);
			defaultConfigurationIsVisible = 0;
			defaultConfigurationName = Release;
		};
/* End XCConfigurationList section */

/* Begin XCRemoteSwiftPackageReference section */
		676A86682C0B5182005D742B /* XCRemoteSwiftPackageReference "SwiftUI-ContributionChart" */ = {
			isa = XCRemoteSwiftPackageReference;
			repositoryURL = "https://github.com/VIkill33/SwiftUI-ContributionChart.git";
			requirement = {
				kind = upToNextMajorVersion;
				minimumVersion = 1.0.2;
			};
		};
/* End XCRemoteSwiftPackageReference section */

/* Begin XCSwiftPackageProductDependency section */
		67D1AE102C0B52C700DA59AE /* ContributionChart */ = {
			isa = XCSwiftPackageProductDependency;
			package = 676A86682C0B5182005D742B /* XCRemoteSwiftPackageReference "SwiftUI-ContributionChart" */;
			productName = ContributionChart;
		};
/* End XCSwiftPackageProductDependency section */
	};
	rootObject = 678A3FF52BFB42CE00EC1318 /* Project object */;
}
